# Code generated by scarb DO NOT EDIT.
version = 1

[[package]]
name = "alexandria_data_structures"
version = "0.1.0"
source = "git+https://github.com/keep-starknet-strange/alexandria.git?rev=e3af7edb130aa376fb2435820788c7bba2e4593a#e3af7edb130aa376fb2435820788c7bba2e4593a"
dependencies = [
 "alexandria_encoding",
]

[[package]]
name = "alexandria_encoding"
version = "0.1.0"
source = "git+https://github.com/keep-starknet-strange/alexandria.git?rev=e3af7edb130aa376fb2435820788c7bba2e4593a#e3af7edb130aa376fb2435820788c7bba2e4593a"
dependencies = [
 "alexandria_math",
]

[[package]]
name = "alexandria_math"
version = "0.2.0"
source = "git+https://github.com/keep-starknet-strange/alexandria.git?rev=e3af7edb130aa376fb2435820788c7bba2e4593a#e3af7edb130aa376fb2435820788c7bba2e4593a"
dependencies = [
 "alexandria_data_structures",
]

[[package]]
name = "alexandria_sorting"
version = "0.1.0"
source = "git+https://github.com/keep-starknet-strange/alexandria.git?branch=main#11a155f7897294105e2c99a95bf3efeabfd2d014"

[[package]]
name = "cairo1"
version = "0.1.0"
dependencies = [
 "alexandria_data_structures",
 "alexandria_sorting",
]
